
Microsoft Visual Studio Solution File, Format Version 12.00
# Visual Studio Version 17
VisualStudioVersion = 17.7.34024.191
MinimumVisualStudioVersion = 10.0.40219.1
Project("{FAE04EC0-301F-11D3-BF4B-00C04F79EFBC}") = "SLOT5", "SLOT5\SLOT5.csproj", "{A0570547-6CD0-425D-9FF5-4081EE57A06C}"
EndProject
Global
	GlobalSection(SolutionConfigurationPlatforms) = preSolution
		Debug|Any CPU = Debug|Any CPU
		Release|Any CPU = Release|Any CPU
	EndGlobalSection
	GlobalSection(ProjectConfigurationPlatforms) = postSolution
		{A0570547-6CD0-425D-9FF5-4081EE57A06C}.Debug|Any CPU.ActiveCfg = Debug|Any CPU
		{A0570547-6CD0-425D-9FF5-4081EE57A06C}.Debug|Any CPU.Build.0 = Debug|Any CPU
		{A0570547-6CD0-425D-9FF5-4081EE57A06C}.Release|Any CPU.ActiveCfg = Release|Any CPU
		{A0570547-6CD0-425D-9FF5-4081EE57A06C}.Release|Any CPU.Build.0 = Release|Any CPU
	EndGlobalSection
	GlobalSection(SolutionProperties) = preSolution
		HideSolutionNode = FALSE
	EndGlobalSection
	GlobalSection(ExtensibilityGlobals) = postSolution
		SolutionGuid = {88439F67-4B07-444A-8D41-75E4FC113FEE}
	EndGlobalSection
EndGlobal
