
Microsoft Visual Studio Solution File, Format Version 12.00
# Visual Studio Version 17
VisualStudioVersion = 17.7.34024.191
MinimumVisualStudioVersion = 10.0.40219.1
Project("{FAE04EC0-301F-11D3-BF4B-00C04F79EFBC}") = "AutomobileLibrary", "AutomobileLibrary\AutomobileLibrary.csproj", "{A8DE8389-295B-4CFA-B519-9060031E226F}"
EndProject
Project("{FAE04EC0-301F-11D3-BF4B-00C04F79EFBC}") = "AutomobileWinApp", "AutomobileWinApp\AutomobileWinApp.csproj", "{BFDA19F6-6BBB-44E2-8AAD-DBB589E132D2}"
EndProject
Global
	GlobalSection(SolutionConfigurationPlatforms) = preSolution
		Debug|Any CPU = Debug|Any CPU
		Release|Any CPU = Release|Any CPU
	EndGlobalSection
	GlobalSection(ProjectConfigurationPlatforms) = postSolution
		{A8DE8389-295B-4CFA-B519-9060031E226F}.Debug|Any CPU.ActiveCfg = Debug|Any CPU
		{A8DE8389-295B-4CFA-B519-9060031E226F}.Debug|Any CPU.Build.0 = Debug|Any CPU
		{A8DE8389-295B-4CFA-B519-9060031E226F}.Release|Any CPU.ActiveCfg = Release|Any CPU
		{A8DE8389-295B-4CFA-B519-9060031E226F}.Release|Any CPU.Build.0 = Release|Any CPU
		{BFDA19F6-6BBB-44E2-8AAD-DBB589E132D2}.Debug|Any CPU.ActiveCfg = Debug|Any CPU
		{BFDA19F6-6BBB-44E2-8AAD-DBB589E132D2}.Debug|Any CPU.Build.0 = Debug|Any CPU
		{BFDA19F6-6BBB-44E2-8AAD-DBB589E132D2}.Release|Any CPU.ActiveCfg = Release|Any CPU
		{BFDA19F6-6BBB-44E2-8AAD-DBB589E132D2}.Release|Any CPU.Build.0 = Release|Any CPU
	EndGlobalSection
	GlobalSection(SolutionProperties) = preSolution
		HideSolutionNode = FALSE
	EndGlobalSection
	GlobalSection(ExtensibilityGlobals) = postSolution
		SolutionGuid = {7F3E4C10-BDD8-4369-8EA6-78A5B9280694}
	EndGlobalSection
EndGlobal
