
Microsoft Visual Studio Solution File, Format Version 12.00
# Visual Studio Version 17
VisualStudioVersion = 17.7.34024.191
MinimumVisualStudioVersion = 10.0.40219.1
Project("{FAE04EC0-301F-11D3-BF4B-00C04F79EFBC}") = "FPTUniversityConsole", "FPTUniversityConsole\FPTUniversityConsole.csproj", "{12E87D92-C613-43A6-93D4-52AFF1A4BD79}"
EndProject
Global
	GlobalSection(SolutionConfigurationPlatforms) = preSolution
		Debug|Any CPU = Debug|Any CPU
		Release|Any CPU = Release|Any CPU
	EndGlobalSection
	GlobalSection(ProjectConfigurationPlatforms) = postSolution
		{12E87D92-C613-43A6-93D4-52AFF1A4BD79}.Debug|Any CPU.ActiveCfg = Debug|Any CPU
		{12E87D92-C613-43A6-93D4-52AFF1A4BD79}.Debug|Any CPU.Build.0 = Debug|Any CPU
		{12E87D92-C613-43A6-93D4-52AFF1A4BD79}.Release|Any CPU.ActiveCfg = Release|Any CPU
		{12E87D92-C613-43A6-93D4-52AFF1A4BD79}.Release|Any CPU.Build.0 = Release|Any CPU
	EndGlobalSection
	GlobalSection(SolutionProperties) = preSolution
		HideSolutionNode = FALSE
	EndGlobalSection
	GlobalSection(ExtensibilityGlobals) = postSolution
		SolutionGuid = {ECA98296-DC9B-497B-83D5-6B3B70151042}
	EndGlobalSection
EndGlobal
