
Microsoft Visual Studio Solution File, Format Version 12.00
# Visual Studio Version 17
VisualStudioVersion = 17.7.34024.191
MinimumVisualStudioVersion = 10.0.40219.1
Project("{FAE04EC0-301F-11D3-BF4B-00C04F79EFBC}") = "AutomobileLibrary", "AutomobileLibrary\AutomobileLibrary.csproj", "{AFF8F7D8-858B-4ECA-B3E5-681FA62E9646}"
EndProject
Project("{FAE04EC0-301F-11D3-BF4B-00C04F79EFBC}") = "AutomobileWinApp", "AutomobileWinApp\AutomobileWinApp.csproj", "{FECBA89E-C5F9-4A92-83C5-3811FC786CC7}"
EndProject
Global
	GlobalSection(SolutionConfigurationPlatforms) = preSolution
		Debug|Any CPU = Debug|Any CPU
		Release|Any CPU = Release|Any CPU
	EndGlobalSection
	GlobalSection(ProjectConfigurationPlatforms) = postSolution
		{AFF8F7D8-858B-4ECA-B3E5-681FA62E9646}.Debug|Any CPU.ActiveCfg = Debug|Any CPU
		{AFF8F7D8-858B-4ECA-B3E5-681FA62E9646}.Debug|Any CPU.Build.0 = Debug|Any CPU
		{AFF8F7D8-858B-4ECA-B3E5-681FA62E9646}.Release|Any CPU.ActiveCfg = Release|Any CPU
		{AFF8F7D8-858B-4ECA-B3E5-681FA62E9646}.Release|Any CPU.Build.0 = Release|Any CPU
		{FECBA89E-C5F9-4A92-83C5-3811FC786CC7}.Debug|Any CPU.ActiveCfg = Debug|Any CPU
		{FECBA89E-C5F9-4A92-83C5-3811FC786CC7}.Debug|Any CPU.Build.0 = Debug|Any CPU
		{FECBA89E-C5F9-4A92-83C5-3811FC786CC7}.Release|Any CPU.ActiveCfg = Release|Any CPU
		{FECBA89E-C5F9-4A92-83C5-3811FC786CC7}.Release|Any CPU.Build.0 = Release|Any CPU
	EndGlobalSection
	GlobalSection(SolutionProperties) = preSolution
		HideSolutionNode = FALSE
	EndGlobalSection
	GlobalSection(ExtensibilityGlobals) = postSolution
		SolutionGuid = {B7E00814-FC43-4240-86EF-A59E3CF49FF1}
	EndGlobalSection
EndGlobal
