
Microsoft Visual Studio Solution File, Format Version 12.00
# Visual Studio Version 17
VisualStudioVersion = 17.7.34024.191
MinimumVisualStudioVersion = 10.0.40219.1
Project("{FAE04EC0-301F-11D3-BF4B-00C04F79EFBC}") = "Slot21", "Slot21\Slot21.csproj", "{E70935ED-C7CE-46DB-AB73-CF1CC15F9E4D}"
EndProject
Global
	GlobalSection(SolutionConfigurationPlatforms) = preSolution
		Debug|Any CPU = Debug|Any CPU
		Release|Any CPU = Release|Any CPU
	EndGlobalSection
	GlobalSection(ProjectConfigurationPlatforms) = postSolution
		{E70935ED-C7CE-46DB-AB73-CF1CC15F9E4D}.Debug|Any CPU.ActiveCfg = Debug|Any CPU
		{E70935ED-C7CE-46DB-AB73-CF1CC15F9E4D}.Debug|Any CPU.Build.0 = Debug|Any CPU
		{E70935ED-C7CE-46DB-AB73-CF1CC15F9E4D}.Release|Any CPU.ActiveCfg = Release|Any CPU
		{E70935ED-C7CE-46DB-AB73-CF1CC15F9E4D}.Release|Any CPU.Build.0 = Release|Any CPU
	EndGlobalSection
	GlobalSection(SolutionProperties) = preSolution
		HideSolutionNode = FALSE
	EndGlobalSection
	GlobalSection(ExtensibilityGlobals) = postSolution
		SolutionGuid = {C4513C77-5734-4EB0-9CAE-BFFB8E126F13}
	EndGlobalSection
EndGlobal
