
Microsoft Visual Studio Solution File, Format Version 12.00
# Visual Studio Version 17
VisualStudioVersion = 17.7.34024.191
MinimumVisualStudioVersion = 10.0.40219.1
Project("{FAE04EC0-301F-11D3-BF4B-00C04F79EFBC}") = "FPTUniversityConsole", "FPTUniversityConsole\FPTUniversityConsole.csproj", "{144E0207-FD07-4939-B8D3-C764AB4EF12B}"
EndProject
Global
	GlobalSection(SolutionConfigurationPlatforms) = preSolution
		Debug|Any CPU = Debug|Any CPU
		Release|Any CPU = Release|Any CPU
	EndGlobalSection
	GlobalSection(ProjectConfigurationPlatforms) = postSolution
		{144E0207-FD07-4939-B8D3-C764AB4EF12B}.Debug|Any CPU.ActiveCfg = Debug|Any CPU
		{144E0207-FD07-4939-B8D3-C764AB4EF12B}.Debug|Any CPU.Build.0 = Debug|Any CPU
		{144E0207-FD07-4939-B8D3-C764AB4EF12B}.Release|Any CPU.ActiveCfg = Release|Any CPU
		{144E0207-FD07-4939-B8D3-C764AB4EF12B}.Release|Any CPU.Build.0 = Release|Any CPU
	EndGlobalSection
	GlobalSection(SolutionProperties) = preSolution
		HideSolutionNode = FALSE
	EndGlobalSection
	GlobalSection(ExtensibilityGlobals) = postSolution
		SolutionGuid = {FFF3AF59-FD67-46CD-BB56-36418EE93A2B}
	EndGlobalSection
EndGlobal
