
Microsoft Visual Studio Solution File, Format Version 12.00
# Visual Studio Version 17
VisualStudioVersion = 17.7.34024.191
MinimumVisualStudioVersion = 10.0.40219.1
Project("{FAE04EC0-301F-11D3-BF4B-00C04F79EFBC}") = "Slot4", "Slot4\Slot4.csproj", "{79C0A52C-CA4F-473D-8815-600E0D0A913A}"
EndProject
Global
	GlobalSection(SolutionConfigurationPlatforms) = preSolution
		Debug|Any CPU = Debug|Any CPU
		Release|Any CPU = Release|Any CPU
	EndGlobalSection
	GlobalSection(ProjectConfigurationPlatforms) = postSolution
		{79C0A52C-CA4F-473D-8815-600E0D0A913A}.Debug|Any CPU.ActiveCfg = Debug|Any CPU
		{79C0A52C-CA4F-473D-8815-600E0D0A913A}.Debug|Any CPU.Build.0 = Debug|Any CPU
		{79C0A52C-CA4F-473D-8815-600E0D0A913A}.Release|Any CPU.ActiveCfg = Release|Any CPU
		{79C0A52C-CA4F-473D-8815-600E0D0A913A}.Release|Any CPU.Build.0 = Release|Any CPU
	EndGlobalSection
	GlobalSection(SolutionProperties) = preSolution
		HideSolutionNode = FALSE
	EndGlobalSection
	GlobalSection(ExtensibilityGlobals) = postSolution
		SolutionGuid = {2D40D685-3E72-471F-B5C3-72355AA9CC3E}
	EndGlobalSection
EndGlobal
