
Microsoft Visual Studio Solution File, Format Version 12.00
# Visual Studio Version 17
VisualStudioVersion = 17.7.34024.191
MinimumVisualStudioVersion = 10.0.40219.1
Project("{FAE04EC0-301F-11D3-BF4B-00C04F79EFBC}") = "Slot3_matching", "Slot3_matching\Slot3_matching.csproj", "{01A57E86-4021-4E16-8CE6-40E7A17DAEA6}"
EndProject
Global
	GlobalSection(SolutionConfigurationPlatforms) = preSolution
		Debug|Any CPU = Debug|Any CPU
		Release|Any CPU = Release|Any CPU
	EndGlobalSection
	GlobalSection(ProjectConfigurationPlatforms) = postSolution
		{01A57E86-4021-4E16-8CE6-40E7A17DAEA6}.Debug|Any CPU.ActiveCfg = Debug|Any CPU
		{01A57E86-4021-4E16-8CE6-40E7A17DAEA6}.Debug|Any CPU.Build.0 = Debug|Any CPU
		{01A57E86-4021-4E16-8CE6-40E7A17DAEA6}.Release|Any CPU.ActiveCfg = Release|Any CPU
		{01A57E86-4021-4E16-8CE6-40E7A17DAEA6}.Release|Any CPU.Build.0 = Release|Any CPU
	EndGlobalSection
	GlobalSection(SolutionProperties) = preSolution
		HideSolutionNode = FALSE
	EndGlobalSection
	GlobalSection(ExtensibilityGlobals) = postSolution
		SolutionGuid = {17B5C626-7EE8-43CB-A2E0-4EDBB546D24A}
	EndGlobalSection
EndGlobal
