
Microsoft Visual Studio Solution File, Format Version 12.00
# Visual Studio Version 17
VisualStudioVersion = 17.7.34024.191
MinimumVisualStudioVersion = 10.0.40219.1
Project("{FAE04EC0-301F-11D3-BF4B-00C04F79EFBC}") = "AutomobileLibrary", "AutomobileLibrary\AutomobileLibrary.csproj", "{C87C1BCC-5091-4BB4-AA52-A427FED6048F}"
EndProject
Project("{FAE04EC0-301F-11D3-BF4B-00C04F79EFBC}") = "AutomobileWinApp", "AutomobileWinApp\AutomobileWinApp.csproj", "{57B92854-AC38-4D81-B58B-D8497FB45171}"
EndProject
Global
	GlobalSection(SolutionConfigurationPlatforms) = preSolution
		Debug|Any CPU = Debug|Any CPU
		Release|Any CPU = Release|Any CPU
	EndGlobalSection
	GlobalSection(ProjectConfigurationPlatforms) = postSolution
		{C87C1BCC-5091-4BB4-AA52-A427FED6048F}.Debug|Any CPU.ActiveCfg = Debug|Any CPU
		{C87C1BCC-5091-4BB4-AA52-A427FED6048F}.Debug|Any CPU.Build.0 = Debug|Any CPU
		{C87C1BCC-5091-4BB4-AA52-A427FED6048F}.Release|Any CPU.ActiveCfg = Release|Any CPU
		{C87C1BCC-5091-4BB4-AA52-A427FED6048F}.Release|Any CPU.Build.0 = Release|Any CPU
		{57B92854-AC38-4D81-B58B-D8497FB45171}.Debug|Any CPU.ActiveCfg = Debug|Any CPU
		{57B92854-AC38-4D81-B58B-D8497FB45171}.Debug|Any CPU.Build.0 = Debug|Any CPU
		{57B92854-AC38-4D81-B58B-D8497FB45171}.Release|Any CPU.ActiveCfg = Release|Any CPU
		{57B92854-AC38-4D81-B58B-D8497FB45171}.Release|Any CPU.Build.0 = Release|Any CPU
	EndGlobalSection
	GlobalSection(SolutionProperties) = preSolution
		HideSolutionNode = FALSE
	EndGlobalSection
	GlobalSection(ExtensibilityGlobals) = postSolution
		SolutionGuid = {F8677C59-0165-465B-90D0-638CC5034825}
	EndGlobalSection
EndGlobal
