
Microsoft Visual Studio Solution File, Format Version 12.00
# Visual Studio Version 17
VisualStudioVersion = 17.7.34024.191
MinimumVisualStudioVersion = 10.0.40219.1
Project("{FAE04EC0-301F-11D3-BF4B-00C04F79EFBC}") = "Lab3", "Lab3\Lab3.csproj", "{31F84EC6-268E-4BE3-A135-6DE95128A6A4}"
EndProject
Global
	GlobalSection(SolutionConfigurationPlatforms) = preSolution
		Debug|Any CPU = Debug|Any CPU
		Release|Any CPU = Release|Any CPU
	EndGlobalSection
	GlobalSection(ProjectConfigurationPlatforms) = postSolution
		{31F84EC6-268E-4BE3-A135-6DE95128A6A4}.Debug|Any CPU.ActiveCfg = Debug|Any CPU
		{31F84EC6-268E-4BE3-A135-6DE95128A6A4}.Debug|Any CPU.Build.0 = Debug|Any CPU
		{31F84EC6-268E-4BE3-A135-6DE95128A6A4}.Release|Any CPU.ActiveCfg = Release|Any CPU
		{31F84EC6-268E-4BE3-A135-6DE95128A6A4}.Release|Any CPU.Build.0 = Release|Any CPU
	EndGlobalSection
	GlobalSection(SolutionProperties) = preSolution
		HideSolutionNode = FALSE
	EndGlobalSection
	GlobalSection(ExtensibilityGlobals) = postSolution
		SolutionGuid = {A690D024-7269-4D9C-9F5B-A81B345F31D5}
	EndGlobalSection
EndGlobal
